
Microsoft Visual Studio Solution File, Format Version 12.00
# Visual Studio Version 17
VisualStudioVersion = 17.3.32922.545
MinimumVisualStudioVersion = 10.0.40219.1
Project("{FAE04EC0-301F-11D3-BF4B-00C04F79EFBC}") = "kurs", "kurs\kurs.csproj", "{C1424E5C-63D0-4A9E-AA37-46F00A2A9E66}"
EndProject
Global
	GlobalSection(SolutionConfigurationPlatforms) = preSolution
		Debug|Any CPU = Debug|Any CPU
		Release|Any CPU = Release|Any CPU
	EndGlobalSection
	GlobalSection(ProjectConfigurationPlatforms) = postSolution
		{C1424E5C-63D0-4A9E-AA37-46F00A2A9E66}.Debug|Any CPU.ActiveCfg = Debug|Any CPU
		{C1424E5C-63D0-4A9E-AA37-46F00A2A9E66}.Debug|Any CPU.Build.0 = Debug|Any CPU
		{C1424E5C-63D0-4A9E-AA37-46F00A2A9E66}.Release|Any CPU.ActiveCfg = Release|Any CPU
		{C1424E5C-63D0-4A9E-AA37-46F00A2A9E66}.Release|Any CPU.Build.0 = Release|Any CPU
	EndGlobalSection
	GlobalSection(SolutionProperties) = preSolution
		HideSolutionNode = FALSE
	EndGlobalSection
	GlobalSection(ExtensibilityGlobals) = postSolution
		SolutionGuid = {14FA5EA2-612A-4227-8DF0-9612894CD001}
	EndGlobalSection
EndGlobal
